
Microsoft Visual Studio Solution File, Format Version 12.00
# Visual Studio Version 17
VisualStudioVersion = 17.13.35931.197
MinimumVisualStudioVersion = 10.0.40219.1
Project("{FAE04EC0-301F-11D3-BF4B-00C04F79EFBC}") = "SqlServerLock", "SqlServerLock\SqlServerLock.csproj", "{5F564022-BC15-4497-9CC1-33CEB27EE651}"
EndProject
Project("{FAE04EC0-301F-11D3-BF4B-00C04F79EFBC}") = "SqlServerLockDemo", "SqlServerLockDemo\SqlServerLockDemo.csproj", "{47C0371E-6466-46B9-BB0B-DD2D8B589DBF}"
EndProject
Project("{2150E333-8FDC-42A3-9474-1A3956D46DE8}") = "Solution items", "Solution items", "{02EA681E-C7D8-13C7-8484-4AC65E1B71E8}"
	ProjectSection(SolutionItems) = preProject
		LICENSE.txt = LICENSE.txt
		README.md = README.md
	EndProjectSection
EndProject
Global
	GlobalSection(SolutionConfigurationPlatforms) = preSolution
		Debug|Any CPU = Debug|Any CPU
		Release|Any CPU = Release|Any CPU
	EndGlobalSection
	GlobalSection(ProjectConfigurationPlatforms) = postSolution
		{5F564022-BC15-4497-9CC1-33CEB27EE651}.Debug|Any CPU.ActiveCfg = Debug|Any CPU
		{5F564022-BC15-4497-9CC1-33CEB27EE651}.Debug|Any CPU.Build.0 = Debug|Any CPU
		{5F564022-BC15-4497-9CC1-33CEB27EE651}.Release|Any CPU.ActiveCfg = Release|Any CPU
		{5F564022-BC15-4497-9CC1-33CEB27EE651}.Release|Any CPU.Build.0 = Release|Any CPU
		{47C0371E-6466-46B9-BB0B-DD2D8B589DBF}.Debug|Any CPU.ActiveCfg = Debug|Any CPU
		{47C0371E-6466-46B9-BB0B-DD2D8B589DBF}.Debug|Any CPU.Build.0 = Debug|Any CPU
		{47C0371E-6466-46B9-BB0B-DD2D8B589DBF}.Release|Any CPU.ActiveCfg = Release|Any CPU
		{47C0371E-6466-46B9-BB0B-DD2D8B589DBF}.Release|Any CPU.Build.0 = Release|Any CPU
	EndGlobalSection
	GlobalSection(SolutionProperties) = preSolution
		HideSolutionNode = FALSE
	EndGlobalSection
	GlobalSection(ExtensibilityGlobals) = postSolution
		SolutionGuid = {DA47F765-70C4-46B6-8C1B-00D5758F08BB}
	EndGlobalSection
EndGlobal
